
Microsoft Visual Studio Solution File, Format Version 12.00
# Visual Studio Version 17
VisualStudioVersion = 17.9.34728.123
MinimumVisualStudioVersion = 10.0.40219.1
Project("{9A19103F-16F7-4668-BE54-9A1E7A4F7556}") = "FirstProject", "FirstProject.csproj", "{BB4CFC3B-56DB-432A-BA15-18C788DF1A0F}"
EndProject
Project("{9A19103F-16F7-4668-BE54-9A1E7A4F7556}") = "VarKeyword", "..\VarKeyword\VarKeyword.csproj", "{68A885C4-052A-4B13-84AF-735134116875}"
EndProject
Project("{9A19103F-16F7-4668-BE54-9A1E7A4F7556}") = "DynamicKeyword", "..\DynamicKeyword\DynamicKeyword.csproj", "{C39597B8-1F7D-456F-96F8-D1A42E441BB8}"
EndProject
Project("{9A19103F-16F7-4668-BE54-9A1E7A4F7556}") = "StringInterpolation", "..\StringInterpolation\StringInterpolation.csproj", "{E2BD12C0-280D-41F0-A657-DA9FA7D45D1C}"
EndProject
Project("{9A19103F-16F7-4668-BE54-9A1E7A4F7556}") = "ConsoleClass", "..\ConsoleClass\ConsoleClass.csproj", "{173E0321-2A12-4328-BA84-213E4ACF4F1F}"
EndProject
Project("{9A19103F-16F7-4668-BE54-9A1E7A4F7556}") = "NumericLiteralSyntax", "..\NumericLiteralSyntax\NumericLiteralSyntax.csproj", "{8BF15F34-2E53-4E22-9B9E-D1977BB92F2B}"
EndProject
Project("{9A19103F-16F7-4668-BE54-9A1E7A4F7556}") = "Ref_Out_Param", "..\Ref_Out_Param\Ref_Out_Param.csproj", "{1D34AFF5-2263-4A91-B0DE-880756BBC874}"
EndProject
Project("{9A19103F-16F7-4668-BE54-9A1E7A4F7556}") = "RefLocals_RefReturns", "..\RefLocals_RefReturns\RefLocals_RefReturns.csproj", "{8CBCC132-1740-4E1E-8FFB-CEE4B6672EDC}"
EndProject
Project("{9A19103F-16F7-4668-BE54-9A1E7A4F7556}") = "LocalFunction", "..\LocalFunction\LocalFunction.csproj", "{B987742D-90FC-4D81-993D-0CF1118D6DFE}"
EndProject
Project("{9A19103F-16F7-4668-BE54-9A1E7A4F7556}") = "StaticLocalFunction", "..\StaticLocalFunction\StaticLocalFunction.csproj", "{AA9ECFCE-79F8-4555-8F94-A3A1532FC755}"
EndProject
Project("{9A19103F-16F7-4668-BE54-9A1E7A4F7556}") = "Tuple", "..\Tuple\Tuple.csproj", "{4DB76E65-C8F5-4882-AA20-C0E0A2B75D17}"
EndProject
Project("{9A19103F-16F7-4668-BE54-9A1E7A4F7556}") = "Discards", "..\Discards\Discards.csproj", "{D288DA23-4D5A-4C41-B90F-FBBF960E6141}"
EndProject
Project("{9A19103F-16F7-4668-BE54-9A1E7A4F7556}") = "NullConditionOperator", "..\NullConditionOperator\NullConditionOperator.csproj", "{695456AB-3834-42F4-8921-60E2960EE033}"
EndProject
Project("{9A19103F-16F7-4668-BE54-9A1E7A4F7556}") = "OOP", "..\OOP\OOP.csproj", "{6914CBB3-BC82-4D6D-BEAE-2987CF413421}"
EndProject
Project("{9A19103F-16F7-4668-BE54-9A1E7A4F7556}") = "Interface", "..\Interface\Interface.csproj", "{43C729B6-507D-43C6-9469-25D46A83CC0F}"
EndProject
Project("{9A19103F-16F7-4668-BE54-9A1E7A4F7556}") = "Inheritance", "..\Inheritance\Inheritance.csproj", "{837005A2-8CB6-4202-A7A5-7B30DE148D62}"
EndProject
Project("{9A19103F-16F7-4668-BE54-9A1E7A4F7556}") = "AbstractClass", "..\AbstractClass\AbstractClass.csproj", "{F41D9B76-55BB-4387-B951-9A44AFFBFB58}"
EndProject
Project("{9A19103F-16F7-4668-BE54-9A1E7A4F7556}") = "DefaultInterfaceMethod", "..\DefaultInterfaceMethod\DefaultInterfaceMethod.csproj", "{354C3D28-2190-48F3-8535-28E19C72810B}"
EndProject
Project("{9A19103F-16F7-4668-BE54-9A1E7A4F7556}") = "Is_And_As_KeyWord", "..\Is_And_As_KeyWord\Is_And_As_KeyWord.csproj", "{4C82E798-159B-4427-81C8-C70956C9A7B8}"
EndProject
Project("{9A19103F-16F7-4668-BE54-9A1E7A4F7556}") = "StaticConstructor", "..\StaticConstructor\StaticConstructor.csproj", "{E17223A8-BF6B-408B-BE06-A8F73D984183}"
EndProject
Project("{9A19103F-16F7-4668-BE54-9A1E7A4F7556}") = "DemoDelegate", "..\DemoDelegate\DemoDelegate.csproj", "{EE79CB03-52A3-4E68-99C7-BF048ECCF285}"
EndProject
Project("{9A19103F-16F7-4668-BE54-9A1E7A4F7556}") = "FirstWPF", "..\FirstWPF\FirstWPF.csproj", "{815F8701-7AD4-4969-A49D-3F24D679D628}"
EndProject
Project("{9A19103F-16F7-4668-BE54-9A1E7A4F7556}") = "LoadDB", "..\LoadDB\LoadDB.csproj", "{6319C7DE-F85F-4A1C-A36D-0E8951CEAA91}"
EndProject
Project("{9A19103F-16F7-4668-BE54-9A1E7A4F7556}") = "AnonymousType", "..\AnonymousType\AnonymousType.csproj", "{02893911-3472-4D35-B36F-E37D5F2FF390}"
EndProject
Project("{9A19103F-16F7-4668-BE54-9A1E7A4F7556}") = "ReadOnly_And_Const", "..\ReadOnly_And_Const\ReadOnly_And_Const.csproj", "{B73726A5-8901-43CA-AE6C-6EEC864CDD90}"
EndProject
Project("{9A19103F-16F7-4668-BE54-9A1E7A4F7556}") = "RecordType", "..\RecordType\RecordType.csproj", "{34DCDF61-FEAC-40F9-B408-D2DA5F94D62F}"
EndProject
Project("{9A19103F-16F7-4668-BE54-9A1E7A4F7556}") = "PrimaryConstructor", "..\PrimaryConstructor\PrimaryConstructor.csproj", "{2082923A-8F26-4DC3-B1BD-2048DCE673E0}"
EndProject
Project("{9A19103F-16F7-4668-BE54-9A1E7A4F7556}") = "List", "..\List\List.csproj", "{D46FDAB9-560C-431B-8B61-9E4BA64DD687}"
EndProject
Project("{9A19103F-16F7-4668-BE54-9A1E7A4F7556}") = "DemoDelegate2", "..\DemoDelegate2\DemoDelegate2.csproj", "{8350EF09-00E1-41C1-B96E-76624EA6F109}"
EndProject
Project("{9A19103F-16F7-4668-BE54-9A1E7A4F7556}") = "MulticastDelegate", "..\MulticastDelegate\MulticastDelegate.csproj", "{ED42421A-393C-419F-B58D-00780F7FAB58}"
EndProject
Project("{9A19103F-16F7-4668-BE54-9A1E7A4F7556}") = "AnonymousMethod", "..\AnonymousMethod\AnonymousMethod.csproj", "{41FDD4D5-72CD-4C52-BAF2-838C9222256A}"
EndProject
Project("{9A19103F-16F7-4668-BE54-9A1E7A4F7556}") = "Func_And_Action", "..\Func_And_Action\Func_And_Action.csproj", "{C804BA67-CF2D-461D-AF81-6B0416B124BA}"
EndProject
Project("{9A19103F-16F7-4668-BE54-9A1E7A4F7556}") = "Event", "..\Event\Event.csproj", "{EE0CEFFD-8800-45DE-8889-FFADBB67F817}"
EndProject
Project("{9A19103F-16F7-4668-BE54-9A1E7A4F7556}") = "Lambda", "..\Lambda\Lambda.csproj", "{DC5C325E-9BC4-42D5-90F0-94E71F9A7612}"
EndProject
Project("{9A19103F-16F7-4668-BE54-9A1E7A4F7556}") = "LINQ", "..\LINQ\LINQ.csproj", "{5FBB4994-199F-403E-A95E-70246B99036D}"
EndProject
Project("{9A19103F-16F7-4668-BE54-9A1E7A4F7556}") = "ExtensionMethod", "..\ExtensionMethod\ExtensionMethod.csproj", "{B04042D6-AFEC-4823-B963-6EC56176E465}"
EndProject
Project("{9A19103F-16F7-4668-BE54-9A1E7A4F7556}") = "ObjectInitialize", "..\ObjectInitialize\ObjectInitialize.csproj", "{7FF0742D-4E42-4783-9F1B-117CB58AD198}"
EndProject
Project("{FAE04EC0-301F-11D3-BF4B-00C04F79EFBC}") = "DemoSingleton", "..\DemoSingleton\DemoSingleton.csproj", "{B5567E7C-CC97-47E8-B9E8-8FF7AED5E877}"
EndProject
Project("{FAE04EC0-301F-11D3-BF4B-00C04F79EFBC}") = "DemoFactoriesMethodPattern", "..\DemoFactoriesMethodPattern\DemoFactoriesMethodPattern.csproj", "{F5B12A69-41F4-45DE-9BD6-3460E0E42280}"
EndProject
Global
	GlobalSection(SolutionConfigurationPlatforms) = preSolution
		Debug|Any CPU = Debug|Any CPU
		Release|Any CPU = Release|Any CPU
	EndGlobalSection
	GlobalSection(ProjectConfigurationPlatforms) = postSolution
		{BB4CFC3B-56DB-432A-BA15-18C788DF1A0F}.Debug|Any CPU.ActiveCfg = Debug|Any CPU
		{BB4CFC3B-56DB-432A-BA15-18C788DF1A0F}.Debug|Any CPU.Build.0 = Debug|Any CPU
		{BB4CFC3B-56DB-432A-BA15-18C788DF1A0F}.Release|Any CPU.ActiveCfg = Release|Any CPU
		{BB4CFC3B-56DB-432A-BA15-18C788DF1A0F}.Release|Any CPU.Build.0 = Release|Any CPU
		{68A885C4-052A-4B13-84AF-735134116875}.Debug|Any CPU.ActiveCfg = Debug|Any CPU
		{68A885C4-052A-4B13-84AF-735134116875}.Debug|Any CPU.Build.0 = Debug|Any CPU
		{68A885C4-052A-4B13-84AF-735134116875}.Release|Any CPU.ActiveCfg = Release|Any CPU
		{68A885C4-052A-4B13-84AF-735134116875}.Release|Any CPU.Build.0 = Release|Any CPU
		{C39597B8-1F7D-456F-96F8-D1A42E441BB8}.Debug|Any CPU.ActiveCfg = Debug|Any CPU
		{C39597B8-1F7D-456F-96F8-D1A42E441BB8}.Debug|Any CPU.Build.0 = Debug|Any CPU
		{C39597B8-1F7D-456F-96F8-D1A42E441BB8}.Release|Any CPU.ActiveCfg = Release|Any CPU
		{C39597B8-1F7D-456F-96F8-D1A42E441BB8}.Release|Any CPU.Build.0 = Release|Any CPU
		{E2BD12C0-280D-41F0-A657-DA9FA7D45D1C}.Debug|Any CPU.ActiveCfg = Debug|Any CPU
		{E2BD12C0-280D-41F0-A657-DA9FA7D45D1C}.Debug|Any CPU.Build.0 = Debug|Any CPU
		{E2BD12C0-280D-41F0-A657-DA9FA7D45D1C}.Release|Any CPU.ActiveCfg = Release|Any CPU
		{E2BD12C0-280D-41F0-A657-DA9FA7D45D1C}.Release|Any CPU.Build.0 = Release|Any CPU
		{173E0321-2A12-4328-BA84-213E4ACF4F1F}.Debug|Any CPU.ActiveCfg = Debug|Any CPU
		{173E0321-2A12-4328-BA84-213E4ACF4F1F}.Debug|Any CPU.Build.0 = Debug|Any CPU
		{173E0321-2A12-4328-BA84-213E4ACF4F1F}.Release|Any CPU.ActiveCfg = Release|Any CPU
		{173E0321-2A12-4328-BA84-213E4ACF4F1F}.Release|Any CPU.Build.0 = Release|Any CPU
		{8BF15F34-2E53-4E22-9B9E-D1977BB92F2B}.Debug|Any CPU.ActiveCfg = Debug|Any CPU
		{8BF15F34-2E53-4E22-9B9E-D1977BB92F2B}.Debug|Any CPU.Build.0 = Debug|Any CPU
		{8BF15F34-2E53-4E22-9B9E-D1977BB92F2B}.Release|Any CPU.ActiveCfg = Release|Any CPU
		{8BF15F34-2E53-4E22-9B9E-D1977BB92F2B}.Release|Any CPU.Build.0 = Release|Any CPU
		{1D34AFF5-2263-4A91-B0DE-880756BBC874}.Debug|Any CPU.ActiveCfg = Debug|Any CPU
		{1D34AFF5-2263-4A91-B0DE-880756BBC874}.Debug|Any CPU.Build.0 = Debug|Any CPU
		{1D34AFF5-2263-4A91-B0DE-880756BBC874}.Release|Any CPU.ActiveCfg = Release|Any CPU
		{1D34AFF5-2263-4A91-B0DE-880756BBC874}.Release|Any CPU.Build.0 = Release|Any CPU
		{8CBCC132-1740-4E1E-8FFB-CEE4B6672EDC}.Debug|Any CPU.ActiveCfg = Debug|Any CPU
		{8CBCC132-1740-4E1E-8FFB-CEE4B6672EDC}.Debug|Any CPU.Build.0 = Debug|Any CPU
		{8CBCC132-1740-4E1E-8FFB-CEE4B6672EDC}.Release|Any CPU.ActiveCfg = Release|Any CPU
		{8CBCC132-1740-4E1E-8FFB-CEE4B6672EDC}.Release|Any CPU.Build.0 = Release|Any CPU
		{B987742D-90FC-4D81-993D-0CF1118D6DFE}.Debug|Any CPU.ActiveCfg = Debug|Any CPU
		{B987742D-90FC-4D81-993D-0CF1118D6DFE}.Debug|Any CPU.Build.0 = Debug|Any CPU
		{B987742D-90FC-4D81-993D-0CF1118D6DFE}.Release|Any CPU.ActiveCfg = Release|Any CPU
		{B987742D-90FC-4D81-993D-0CF1118D6DFE}.Release|Any CPU.Build.0 = Release|Any CPU
		{AA9ECFCE-79F8-4555-8F94-A3A1532FC755}.Debug|Any CPU.ActiveCfg = Debug|Any CPU
		{AA9ECFCE-79F8-4555-8F94-A3A1532FC755}.Debug|Any CPU.Build.0 = Debug|Any CPU
		{AA9ECFCE-79F8-4555-8F94-A3A1532FC755}.Release|Any CPU.ActiveCfg = Release|Any CPU
		{AA9ECFCE-79F8-4555-8F94-A3A1532FC755}.Release|Any CPU.Build.0 = Release|Any CPU
		{4DB76E65-C8F5-4882-AA20-C0E0A2B75D17}.Debug|Any CPU.ActiveCfg = Debug|Any CPU
		{4DB76E65-C8F5-4882-AA20-C0E0A2B75D17}.Debug|Any CPU.Build.0 = Debug|Any CPU
		{4DB76E65-C8F5-4882-AA20-C0E0A2B75D17}.Release|Any CPU.ActiveCfg = Release|Any CPU
		{4DB76E65-C8F5-4882-AA20-C0E0A2B75D17}.Release|Any CPU.Build.0 = Release|Any CPU
		{D288DA23-4D5A-4C41-B90F-FBBF960E6141}.Debug|Any CPU.ActiveCfg = Debug|Any CPU
		{D288DA23-4D5A-4C41-B90F-FBBF960E6141}.Debug|Any CPU.Build.0 = Debug|Any CPU
		{D288DA23-4D5A-4C41-B90F-FBBF960E6141}.Release|Any CPU.ActiveCfg = Release|Any CPU
		{D288DA23-4D5A-4C41-B90F-FBBF960E6141}.Release|Any CPU.Build.0 = Release|Any CPU
		{695456AB-3834-42F4-8921-60E2960EE033}.Debug|Any CPU.ActiveCfg = Debug|Any CPU
		{695456AB-3834-42F4-8921-60E2960EE033}.Debug|Any CPU.Build.0 = Debug|Any CPU
		{695456AB-3834-42F4-8921-60E2960EE033}.Release|Any CPU.ActiveCfg = Release|Any CPU
		{695456AB-3834-42F4-8921-60E2960EE033}.Release|Any CPU.Build.0 = Release|Any CPU
		{6914CBB3-BC82-4D6D-BEAE-2987CF413421}.Debug|Any CPU.ActiveCfg = Debug|Any CPU
		{6914CBB3-BC82-4D6D-BEAE-2987CF413421}.Debug|Any CPU.Build.0 = Debug|Any CPU
		{6914CBB3-BC82-4D6D-BEAE-2987CF413421}.Release|Any CPU.ActiveCfg = Release|Any CPU
		{6914CBB3-BC82-4D6D-BEAE-2987CF413421}.Release|Any CPU.Build.0 = Release|Any CPU
		{43C729B6-507D-43C6-9469-25D46A83CC0F}.Debug|Any CPU.ActiveCfg = Debug|Any CPU
		{43C729B6-507D-43C6-9469-25D46A83CC0F}.Debug|Any CPU.Build.0 = Debug|Any CPU
		{43C729B6-507D-43C6-9469-25D46A83CC0F}.Release|Any CPU.ActiveCfg = Release|Any CPU
		{43C729B6-507D-43C6-9469-25D46A83CC0F}.Release|Any CPU.Build.0 = Release|Any CPU
		{837005A2-8CB6-4202-A7A5-7B30DE148D62}.Debug|Any CPU.ActiveCfg = Debug|Any CPU
		{837005A2-8CB6-4202-A7A5-7B30DE148D62}.Debug|Any CPU.Build.0 = Debug|Any CPU
		{837005A2-8CB6-4202-A7A5-7B30DE148D62}.Release|Any CPU.ActiveCfg = Release|Any CPU
		{837005A2-8CB6-4202-A7A5-7B30DE148D62}.Release|Any CPU.Build.0 = Release|Any CPU
		{F41D9B76-55BB-4387-B951-9A44AFFBFB58}.Debug|Any CPU.ActiveCfg = Debug|Any CPU
		{F41D9B76-55BB-4387-B951-9A44AFFBFB58}.Debug|Any CPU.Build.0 = Debug|Any CPU
		{F41D9B76-55BB-4387-B951-9A44AFFBFB58}.Release|Any CPU.ActiveCfg = Release|Any CPU
		{F41D9B76-55BB-4387-B951-9A44AFFBFB58}.Release|Any CPU.Build.0 = Release|Any CPU
		{354C3D28-2190-48F3-8535-28E19C72810B}.Debug|Any CPU.ActiveCfg = Debug|Any CPU
		{354C3D28-2190-48F3-8535-28E19C72810B}.Debug|Any CPU.Build.0 = Debug|Any CPU
		{354C3D28-2190-48F3-8535-28E19C72810B}.Release|Any CPU.ActiveCfg = Release|Any CPU
		{354C3D28-2190-48F3-8535-28E19C72810B}.Release|Any CPU.Build.0 = Release|Any CPU
		{4C82E798-159B-4427-81C8-C70956C9A7B8}.Debug|Any CPU.ActiveCfg = Debug|Any CPU
		{4C82E798-159B-4427-81C8-C70956C9A7B8}.Debug|Any CPU.Build.0 = Debug|Any CPU
		{4C82E798-159B-4427-81C8-C70956C9A7B8}.Release|Any CPU.ActiveCfg = Release|Any CPU
		{4C82E798-159B-4427-81C8-C70956C9A7B8}.Release|Any CPU.Build.0 = Release|Any CPU
		{E17223A8-BF6B-408B-BE06-A8F73D984183}.Debug|Any CPU.ActiveCfg = Debug|Any CPU
		{E17223A8-BF6B-408B-BE06-A8F73D984183}.Debug|Any CPU.Build.0 = Debug|Any CPU
		{E17223A8-BF6B-408B-BE06-A8F73D984183}.Release|Any CPU.ActiveCfg = Release|Any CPU
		{E17223A8-BF6B-408B-BE06-A8F73D984183}.Release|Any CPU.Build.0 = Release|Any CPU
		{EE79CB03-52A3-4E68-99C7-BF048ECCF285}.Debug|Any CPU.ActiveCfg = Debug|Any CPU
		{EE79CB03-52A3-4E68-99C7-BF048ECCF285}.Debug|Any CPU.Build.0 = Debug|Any CPU
		{EE79CB03-52A3-4E68-99C7-BF048ECCF285}.Release|Any CPU.ActiveCfg = Release|Any CPU
		{EE79CB03-52A3-4E68-99C7-BF048ECCF285}.Release|Any CPU.Build.0 = Release|Any CPU
		{815F8701-7AD4-4969-A49D-3F24D679D628}.Debug|Any CPU.ActiveCfg = Debug|Any CPU
		{815F8701-7AD4-4969-A49D-3F24D679D628}.Debug|Any CPU.Build.0 = Debug|Any CPU
		{815F8701-7AD4-4969-A49D-3F24D679D628}.Release|Any CPU.ActiveCfg = Release|Any CPU
		{815F8701-7AD4-4969-A49D-3F24D679D628}.Release|Any CPU.Build.0 = Release|Any CPU
		{6319C7DE-F85F-4A1C-A36D-0E8951CEAA91}.Debug|Any CPU.ActiveCfg = Debug|Any CPU
		{6319C7DE-F85F-4A1C-A36D-0E8951CEAA91}.Debug|Any CPU.Build.0 = Debug|Any CPU
		{6319C7DE-F85F-4A1C-A36D-0E8951CEAA91}.Release|Any CPU.ActiveCfg = Release|Any CPU
		{6319C7DE-F85F-4A1C-A36D-0E8951CEAA91}.Release|Any CPU.Build.0 = Release|Any CPU
		{02893911-3472-4D35-B36F-E37D5F2FF390}.Debug|Any CPU.ActiveCfg = Debug|Any CPU
		{02893911-3472-4D35-B36F-E37D5F2FF390}.Debug|Any CPU.Build.0 = Debug|Any CPU
		{02893911-3472-4D35-B36F-E37D5F2FF390}.Release|Any CPU.ActiveCfg = Release|Any CPU
		{02893911-3472-4D35-B36F-E37D5F2FF390}.Release|Any CPU.Build.0 = Release|Any CPU
		{B73726A5-8901-43CA-AE6C-6EEC864CDD90}.Debug|Any CPU.ActiveCfg = Debug|Any CPU
		{B73726A5-8901-43CA-AE6C-6EEC864CDD90}.Debug|Any CPU.Build.0 = Debug|Any CPU
		{B73726A5-8901-43CA-AE6C-6EEC864CDD90}.Release|Any CPU.ActiveCfg = Release|Any CPU
		{B73726A5-8901-43CA-AE6C-6EEC864CDD90}.Release|Any CPU.Build.0 = Release|Any CPU
		{34DCDF61-FEAC-40F9-B408-D2DA5F94D62F}.Debug|Any CPU.ActiveCfg = Debug|Any CPU
		{34DCDF61-FEAC-40F9-B408-D2DA5F94D62F}.Debug|Any CPU.Build.0 = Debug|Any CPU
		{34DCDF61-FEAC-40F9-B408-D2DA5F94D62F}.Release|Any CPU.ActiveCfg = Release|Any CPU
		{34DCDF61-FEAC-40F9-B408-D2DA5F94D62F}.Release|Any CPU.Build.0 = Release|Any CPU
		{2082923A-8F26-4DC3-B1BD-2048DCE673E0}.Debug|Any CPU.ActiveCfg = Debug|Any CPU
		{2082923A-8F26-4DC3-B1BD-2048DCE673E0}.Debug|Any CPU.Build.0 = Debug|Any CPU
		{2082923A-8F26-4DC3-B1BD-2048DCE673E0}.Release|Any CPU.ActiveCfg = Release|Any CPU
		{2082923A-8F26-4DC3-B1BD-2048DCE673E0}.Release|Any CPU.Build.0 = Release|Any CPU
		{D46FDAB9-560C-431B-8B61-9E4BA64DD687}.Debug|Any CPU.ActiveCfg = Debug|Any CPU
		{D46FDAB9-560C-431B-8B61-9E4BA64DD687}.Debug|Any CPU.Build.0 = Debug|Any CPU
		{D46FDAB9-560C-431B-8B61-9E4BA64DD687}.Release|Any CPU.ActiveCfg = Release|Any CPU
		{D46FDAB9-560C-431B-8B61-9E4BA64DD687}.Release|Any CPU.Build.0 = Release|Any CPU
		{8350EF09-00E1-41C1-B96E-76624EA6F109}.Debug|Any CPU.ActiveCfg = Debug|Any CPU
		{8350EF09-00E1-41C1-B96E-76624EA6F109}.Debug|Any CPU.Build.0 = Debug|Any CPU
		{8350EF09-00E1-41C1-B96E-76624EA6F109}.Release|Any CPU.ActiveCfg = Release|Any CPU
		{8350EF09-00E1-41C1-B96E-76624EA6F109}.Release|Any CPU.Build.0 = Release|Any CPU
		{ED42421A-393C-419F-B58D-00780F7FAB58}.Debug|Any CPU.ActiveCfg = Debug|Any CPU
		{ED42421A-393C-419F-B58D-00780F7FAB58}.Debug|Any CPU.Build.0 = Debug|Any CPU
		{ED42421A-393C-419F-B58D-00780F7FAB58}.Release|Any CPU.ActiveCfg = Release|Any CPU
		{ED42421A-393C-419F-B58D-00780F7FAB58}.Release|Any CPU.Build.0 = Release|Any CPU
		{41FDD4D5-72CD-4C52-BAF2-838C9222256A}.Debug|Any CPU.ActiveCfg = Debug|Any CPU
		{41FDD4D5-72CD-4C52-BAF2-838C9222256A}.Debug|Any CPU.Build.0 = Debug|Any CPU
		{41FDD4D5-72CD-4C52-BAF2-838C9222256A}.Release|Any CPU.ActiveCfg = Release|Any CPU
		{41FDD4D5-72CD-4C52-BAF2-838C9222256A}.Release|Any CPU.Build.0 = Release|Any CPU
		{C804BA67-CF2D-461D-AF81-6B0416B124BA}.Debug|Any CPU.ActiveCfg = Debug|Any CPU
		{C804BA67-CF2D-461D-AF81-6B0416B124BA}.Debug|Any CPU.Build.0 = Debug|Any CPU
		{C804BA67-CF2D-461D-AF81-6B0416B124BA}.Release|Any CPU.ActiveCfg = Release|Any CPU
		{C804BA67-CF2D-461D-AF81-6B0416B124BA}.Release|Any CPU.Build.0 = Release|Any CPU
		{EE0CEFFD-8800-45DE-8889-FFADBB67F817}.Debug|Any CPU.ActiveCfg = Debug|Any CPU
		{EE0CEFFD-8800-45DE-8889-FFADBB67F817}.Debug|Any CPU.Build.0 = Debug|Any CPU
		{EE0CEFFD-8800-45DE-8889-FFADBB67F817}.Release|Any CPU.ActiveCfg = Release|Any CPU
		{EE0CEFFD-8800-45DE-8889-FFADBB67F817}.Release|Any CPU.Build.0 = Release|Any CPU
		{DC5C325E-9BC4-42D5-90F0-94E71F9A7612}.Debug|Any CPU.ActiveCfg = Debug|Any CPU
		{DC5C325E-9BC4-42D5-90F0-94E71F9A7612}.Debug|Any CPU.Build.0 = Debug|Any CPU
		{DC5C325E-9BC4-42D5-90F0-94E71F9A7612}.Release|Any CPU.ActiveCfg = Release|Any CPU
		{DC5C325E-9BC4-42D5-90F0-94E71F9A7612}.Release|Any CPU.Build.0 = Release|Any CPU
		{5FBB4994-199F-403E-A95E-70246B99036D}.Debug|Any CPU.ActiveCfg = Debug|Any CPU
		{5FBB4994-199F-403E-A95E-70246B99036D}.Debug|Any CPU.Build.0 = Debug|Any CPU
		{5FBB4994-199F-403E-A95E-70246B99036D}.Release|Any CPU.ActiveCfg = Release|Any CPU
		{5FBB4994-199F-403E-A95E-70246B99036D}.Release|Any CPU.Build.0 = Release|Any CPU
		{B04042D6-AFEC-4823-B963-6EC56176E465}.Debug|Any CPU.ActiveCfg = Debug|Any CPU
		{B04042D6-AFEC-4823-B963-6EC56176E465}.Debug|Any CPU.Build.0 = Debug|Any CPU
		{B04042D6-AFEC-4823-B963-6EC56176E465}.Release|Any CPU.ActiveCfg = Release|Any CPU
		{B04042D6-AFEC-4823-B963-6EC56176E465}.Release|Any CPU.Build.0 = Release|Any CPU
		{7FF0742D-4E42-4783-9F1B-117CB58AD198}.Debug|Any CPU.ActiveCfg = Debug|Any CPU
		{7FF0742D-4E42-4783-9F1B-117CB58AD198}.Debug|Any CPU.Build.0 = Debug|Any CPU
		{7FF0742D-4E42-4783-9F1B-117CB58AD198}.Release|Any CPU.ActiveCfg = Release|Any CPU
		{7FF0742D-4E42-4783-9F1B-117CB58AD198}.Release|Any CPU.Build.0 = Release|Any CPU
		{B5567E7C-CC97-47E8-B9E8-8FF7AED5E877}.Debug|Any CPU.ActiveCfg = Debug|Any CPU
		{B5567E7C-CC97-47E8-B9E8-8FF7AED5E877}.Debug|Any CPU.Build.0 = Debug|Any CPU
		{B5567E7C-CC97-47E8-B9E8-8FF7AED5E877}.Release|Any CPU.ActiveCfg = Release|Any CPU
		{B5567E7C-CC97-47E8-B9E8-8FF7AED5E877}.Release|Any CPU.Build.0 = Release|Any CPU
		{F5B12A69-41F4-45DE-9BD6-3460E0E42280}.Debug|Any CPU.ActiveCfg = Debug|Any CPU
		{F5B12A69-41F4-45DE-9BD6-3460E0E42280}.Debug|Any CPU.Build.0 = Debug|Any CPU
		{F5B12A69-41F4-45DE-9BD6-3460E0E42280}.Release|Any CPU.ActiveCfg = Release|Any CPU
		{F5B12A69-41F4-45DE-9BD6-3460E0E42280}.Release|Any CPU.Build.0 = Release|Any CPU
	EndGlobalSection
	GlobalSection(SolutionProperties) = preSolution
		HideSolutionNode = FALSE
	EndGlobalSection
	GlobalSection(ExtensibilityGlobals) = postSolution
		SolutionGuid = {7D92E50F-31A0-45A8-850F-269F6D66735A}
	EndGlobalSection
EndGlobal
